
Microsoft Visual Studio Solution File, Format Version 12.00
# Visual Studio Version 17
VisualStudioVersion = 17.0.31912.275
MinimumVisualStudioVersion = 10.0.40219.1
Project("{9A19103F-16F7-4668-BE54-9A1E7A4F7556}") = "EventManagementExercise", "EventManagementExercise\EventManagementExercise.csproj", "{F16C0C4E-1BB8-4A28-9BA8-9D683C21414A}"
EndProject
Project("{FAE04EC0-301F-11D3-BF4B-00C04F79EFBC}") = "IntegrationTest", "IntegrationTest\IntegrationTest.csproj", "{73AE07DB-7FCC-4DF4-878C-2223C7F3EF7F}"
EndProject
Global
	GlobalSection(SolutionConfigurationPlatforms) = preSolution
		Debug|Any CPU = Debug|Any CPU
		Release|Any CPU = Release|Any CPU
	EndGlobalSection
	GlobalSection(ProjectConfigurationPlatforms) = postSolution
		{F16C0C4E-1BB8-4A28-9BA8-9D683C21414A}.Debug|Any CPU.ActiveCfg = Debug|Any CPU
		{F16C0C4E-1BB8-4A28-9BA8-9D683C21414A}.Debug|Any CPU.Build.0 = Debug|Any CPU
		{F16C0C4E-1BB8-4A28-9BA8-9D683C21414A}.Release|Any CPU.ActiveCfg = Release|Any CPU
		{F16C0C4E-1BB8-4A28-9BA8-9D683C21414A}.Release|Any CPU.Build.0 = Release|Any CPU
		{73AE07DB-7FCC-4DF4-878C-2223C7F3EF7F}.Debug|Any CPU.ActiveCfg = Debug|Any CPU
		{73AE07DB-7FCC-4DF4-878C-2223C7F3EF7F}.Debug|Any CPU.Build.0 = Debug|Any CPU
		{73AE07DB-7FCC-4DF4-878C-2223C7F3EF7F}.Release|Any CPU.ActiveCfg = Release|Any CPU
		{73AE07DB-7FCC-4DF4-878C-2223C7F3EF7F}.Release|Any CPU.Build.0 = Release|Any CPU
	EndGlobalSection
	GlobalSection(SolutionProperties) = preSolution
		HideSolutionNode = FALSE
	EndGlobalSection
	GlobalSection(ExtensibilityGlobals) = postSolution
		SolutionGuid = {EBAAC5DE-6BA1-4993-A7D5-DB5E3426CCE7}
	EndGlobalSection
EndGlobal
